
Microsoft Visual Studio Solution File, Format Version 12.00
# Visual Studio 14
VisualStudioVersion = 14.0.25420.1
MinimumVisualStudioVersion = 10.0.40219.1
Project("{FAE04EC0-301F-11D3-BF4B-00C04F79EFBC}") = "TECGoodJob.JobDispatcher", "TECGoodJob\TECGoodJob.JobDispatcher.csproj", "{AED5F897-6FA6-4E54-BA6B-008529A3CC4A}"
EndProject
Project("{FAE04EC0-301F-11D3-BF4B-00C04F79EFBC}") = "TECGoodJob.JobExecutive", "TECGoodJob.JobExecutive\TECGoodJob.JobExecutive.csproj", "{2857B8CB-9576-4A1E-88FC-C1464F5B6D86}"
EndProject
Project("{FAE04EC0-301F-11D3-BF4B-00C04F79EFBC}") = "TECGoodJob.Core", "TECGoodJob.Core\TECGoodJob.Core.csproj", "{64D97AC7-051F-41FF-B60E-156725795A07}"
EndProject
Global
	GlobalSection(SolutionConfigurationPlatforms) = preSolution
		Debug|Any CPU = Debug|Any CPU
		Release|Any CPU = Release|Any CPU
	EndGlobalSection
	GlobalSection(ProjectConfigurationPlatforms) = postSolution
		{AED5F897-6FA6-4E54-BA6B-008529A3CC4A}.Debug|Any CPU.ActiveCfg = Debug|Any CPU
		{AED5F897-6FA6-4E54-BA6B-008529A3CC4A}.Debug|Any CPU.Build.0 = Debug|Any CPU
		{AED5F897-6FA6-4E54-BA6B-008529A3CC4A}.Release|Any CPU.ActiveCfg = Release|Any CPU
		{AED5F897-6FA6-4E54-BA6B-008529A3CC4A}.Release|Any CPU.Build.0 = Release|Any CPU
		{2857B8CB-9576-4A1E-88FC-C1464F5B6D86}.Debug|Any CPU.ActiveCfg = Debug|Any CPU
		{2857B8CB-9576-4A1E-88FC-C1464F5B6D86}.Debug|Any CPU.Build.0 = Debug|Any CPU
		{2857B8CB-9576-4A1E-88FC-C1464F5B6D86}.Release|Any CPU.ActiveCfg = Release|Any CPU
		{2857B8CB-9576-4A1E-88FC-C1464F5B6D86}.Release|Any CPU.Build.0 = Release|Any CPU
		{64D97AC7-051F-41FF-B60E-156725795A07}.Debug|Any CPU.ActiveCfg = Debug|Any CPU
		{64D97AC7-051F-41FF-B60E-156725795A07}.Debug|Any CPU.Build.0 = Debug|Any CPU
		{64D97AC7-051F-41FF-B60E-156725795A07}.Release|Any CPU.ActiveCfg = Release|Any CPU
		{64D97AC7-051F-41FF-B60E-156725795A07}.Release|Any CPU.Build.0 = Release|Any CPU
	EndGlobalSection
	GlobalSection(SolutionProperties) = preSolution
		HideSolutionNode = FALSE
	EndGlobalSection
EndGlobal
